# Exact dependency lock for the STRIPS planning service.
# Verified working environment: CPython 3.12.3 on Linux.
# Install with: python3 -m pip install -r requirements.lock
#
# This is a minimal install without optional C accelerators:
#   - uvicorn runs on plain asyncio (no uvloop/watchfiles);
#   - httpx/httpcore run without brotli/h2;
#   - fastapi has none of its [standard] extras.
#
# ---- runtime ---------------------------------------------------------------
annotated-types==0.8.0
anyio==4.15.1
click==8.1.6
fastapi==0.141.1
h11==0.16.0
httpcore==1.0.9
httpx==0.28.1
idna==3.6
pydantic==2.13.5
pydantic_core==2.46.5
starlette==1.7.0
typing-extensions==4.16.0
typing-inspection==0.4.4
annotated-doc==0.0.5
certifi==2023.11.17
uvicorn==0.54.0
# ---- test / tooling --------------------------------------------------------
coverage==7.16.1
iniconfig==2.3.0
packaging==24.0
pluggy==1.6.0
Pygments==2.17.2
pytest==9.1.1
pytest-cov==7.1.0
